
Microsoft Visual Studio Solution File, Format Version 12.00
# Visual Studio 15
VisualStudioVersion = 15.0.27130.2024
MinimumVisualStudioVersion = 10.0.40219.1
Project("{9A19103F-16F7-4668-BE54-9A1E7A4F7556}") = "ArgumentHandler", "ArgumentHandler\ArgumentHandler.csproj", "{9710FE60-0DFB-443F-97A3-A1D27B80D151}"
EndProject
Project("{9A19103F-16F7-4668-BE54-9A1E7A4F7556}") = "ArgumentRes", "Argumentor\ArgumentRes.csproj", "{F3EE8180-A74F-4E0B-A746-634010F301CF}"
EndProject
Project("{9A19103F-16F7-4668-BE54-9A1E7A4F7556}") = "ArgumentRes.Tests", "ArgumentRes.Tests\ArgumentRes.Tests.csproj", "{A9F2C629-61E4-4138-B1EC-F40407A0858B}"
EndProject
Project("{2150E333-8FDC-42A3-9474-1A3956D46DE8}") = "Solution Items", "Solution Items", "{D21817D3-3CD9-436B-BE71-B1B9EF585A3B}"
	ProjectSection(SolutionItems) = preProject
		README.md = README.md
	EndProjectSection
EndProject
Global
	GlobalSection(SolutionConfigurationPlatforms) = preSolution
		Debug|Any CPU = Debug|Any CPU
		Release|Any CPU = Release|Any CPU
	EndGlobalSection
	GlobalSection(ProjectConfigurationPlatforms) = postSolution
		{9710FE60-0DFB-443F-97A3-A1D27B80D151}.Debug|Any CPU.ActiveCfg = Debug|Any CPU
		{9710FE60-0DFB-443F-97A3-A1D27B80D151}.Debug|Any CPU.Build.0 = Debug|Any CPU
		{9710FE60-0DFB-443F-97A3-A1D27B80D151}.Release|Any CPU.ActiveCfg = Release|Any CPU
		{9710FE60-0DFB-443F-97A3-A1D27B80D151}.Release|Any CPU.Build.0 = Release|Any CPU
		{F3EE8180-A74F-4E0B-A746-634010F301CF}.Debug|Any CPU.ActiveCfg = Debug|Any CPU
		{F3EE8180-A74F-4E0B-A746-634010F301CF}.Debug|Any CPU.Build.0 = Debug|Any CPU
		{F3EE8180-A74F-4E0B-A746-634010F301CF}.Release|Any CPU.ActiveCfg = Release|Any CPU
		{F3EE8180-A74F-4E0B-A746-634010F301CF}.Release|Any CPU.Build.0 = Release|Any CPU
		{A9F2C629-61E4-4138-B1EC-F40407A0858B}.Debug|Any CPU.ActiveCfg = Debug|Any CPU
		{A9F2C629-61E4-4138-B1EC-F40407A0858B}.Debug|Any CPU.Build.0 = Debug|Any CPU
		{A9F2C629-61E4-4138-B1EC-F40407A0858B}.Release|Any CPU.ActiveCfg = Release|Any CPU
		{A9F2C629-61E4-4138-B1EC-F40407A0858B}.Release|Any CPU.Build.0 = Release|Any CPU
	EndGlobalSection
	GlobalSection(SolutionProperties) = preSolution
		HideSolutionNode = FALSE
	EndGlobalSection
	GlobalSection(ExtensibilityGlobals) = postSolution
		SolutionGuid = {AC576533-E4C2-4C26-A7C2-0334410F26CB}
	EndGlobalSection
EndGlobal
